Microsoft Visual Studio Solution File, Format Version 12.00
# Visual Studio Version 17
VisualStudioVersion = 17.5.2.0
MinimumVisualStudioVersion = 10.0.40219.1
Project("{FAE04EC0-301F-11D3-BF4B-00C04F79EFBC}") = "AuctionHouse", "AuctionHouse\AuctionHouse.csproj", "{D7535523-DE68-417C-D00F-AD51BE03711F}"
EndProject
Project("{FAE04EC0-301F-11D3-BF4B-00C04F79EFBC}") = "AuctionHouse_Tests", "AuctionHouse_Tests\AuctionHouse_Tests.csproj", "{01E9D65A-19A3-FD17-1776-150F3479B184}"
EndProject
Global
	GlobalSection(SolutionConfigurationPlatforms) = preSolution
		Debug|Any CPU = Debug|Any CPU
		Release|Any CPU = Release|Any CPU
	EndGlobalSection
	GlobalSection(ProjectConfigurationPlatforms) = postSolution
		{D7535523-DE68-417C-D00F-AD51BE03711F}.Debug|Any CPU.ActiveCfg = Debug|Any CPU
		{D7535523-DE68-417C-D00F-AD51BE03711F}.Debug|Any CPU.Build.0 = Debug|Any CPU
		{D7535523-DE68-417C-D00F-AD51BE03711F}.Release|Any CPU.ActiveCfg = Release|Any CPU
		{D7535523-DE68-417C-D00F-AD51BE03711F}.Release|Any CPU.Build.0 = Release|Any CPU
		{01E9D65A-19A3-FD17-1776-150F3479B184}.Debug|Any CPU.ActiveCfg = Debug|Any CPU
		{01E9D65A-19A3-FD17-1776-150F3479B184}.Debug|Any CPU.Build.0 = Debug|Any CPU
		{01E9D65A-19A3-FD17-1776-150F3479B184}.Release|Any CPU.ActiveCfg = Release|Any CPU
		{01E9D65A-19A3-FD17-1776-150F3479B184}.Release|Any CPU.Build.0 = Release|Any CPU
	EndGlobalSection
	GlobalSection(SolutionProperties) = preSolution
		HideSolutionNode = FALSE
	EndGlobalSection
	GlobalSection(ExtensibilityGlobals) = postSolution
		SolutionGuid = {F9B50A35-C2BD-4589-B023-B881DD857A54}
	EndGlobalSection
EndGlobal
